PODS:
  - Alamofire (5.0.0-rc.2)
  - JGProgressHUD (2.0.4)
  - Reusable (4.1.0):
    - Reusable/Storyboard (= 4.1.0)
    - Reusable/View (= 4.1.0)
  - Reusable/Storyboard (4.1.0)
  - Reusable/View (4.1.0)
  - RxCocoa (4.5.0):
    - RxSwift (>= 4.4.2, ~> 4.4)
  - RxSwift (4.5.0)

DEPENDENCIES:
  - Alamofire (~> 5.0.0-rc.2)
  - JGProgressHUD
  - Reusable
  - RxCocoa (~> 4.0)
  - RxSwift (~> 4.0)

SPEC REPOS:
  https://github.com/CocoaPods/Specs.git:
    - Alamofire
    - JGProgressHUD
    - Reusable
    - RxCocoa
    - RxSwift

SPEC CHECKSUMS:
  Alamofire: f9450d3c7f6bea2ad62e7a541c3e9b186c7991d6
  JGProgressHUD: 62658b14e72cccf179efc7a13bcb54d30b92fc22
  Reusable: 82be188f29d96dc5eff0db7b2393bcc08d2cdd5b
  RxCocoa: cbf70265dc65a981d4ac982e513c10cf23df24a0
  RxSwift: f172070dfd1a93d70a9ab97a5a01166206e1c575

PODFILE CHECKSUM: 424ee7c8e8c51e651853f250d85a9476f1c5bea8

COCOAPODS: 1.8.3
